// !$*UTF8*$!
{
	archiveVersion = 1;
	classes = {
	};
	objectVersion = 55;
	objects = {

/* Begin PBXBuildFile section */
		3D1E24E428194FBF0072A013 /* GeoCity.swift in Sources */ = {isa = PBXBuildFile; fileRef = 3D1E24E328194FBF0072A013 /* GeoCity.swift */; };
		3D1E24E628194FE20072A013 /* GeocodingDataService.swift in Sources */ = {isa = PBXBuildFile; fileRef = 3D1E24E528194FE20072A013 /* GeocodingDataService.swift */; };
		3D1E24EA28195CB80072A013 /* ManageCitiesView.swift in Sources */ = {isa = PBXBuildFile; fileRef = 3D1E24E928195CB80072A013 /* ManageCitiesView.swift */; };
		3D1E24ED281967F20072A013 /* LocationContainer.xcdatamodeld in Sources */ = {isa = PBXBuildFile; fileRef = 3D1E24EB281967F20072A013 /* LocationContainer.xcdatamodeld */; };
		3D681EFD2815412200A9DDA4 /* DailyWeather.swift in Sources */ = {isa = PBXBuildFile; fileRef = 3D681EFC2815412200A9DDA4 /* DailyWeather.swift */; };
		3D681EFF281541C200A9DDA4 /* DailyWeatherDataService.swift in Sources */ = {isa = PBXBuildFile; fileRef = 3D681EFE281541C200A9DDA4 /* DailyWeatherDataService.swift */; };
		3D7881122815B09E007295A4 /* TestView.swift in Sources */ = {isa = PBXBuildFile; fileRef = 3D7881112815B09E007295A4 /* TestView.swift */; };
		3D79B8322814478C00C5C0FF /* HourlyWeather.swift in Sources */ = {isa = PBXBuildFile; fileRef = 3D79B8312814478C00C5C0FF /* HourlyWeather.swift */; };
		3D8BA13928131FF900280D73 /* HomeView.swift in Sources */ = {isa = PBXBuildFile; fileRef = 3D8BA13828131FF900280D73 /* HomeView.swift */; };
		3D8BA13B281320CF00280D73 /* NetworkingManager.swift in Sources */ = {isa = PBXBuildFile; fileRef = 3D8BA13A281320CF00280D73 /* NetworkingManager.swift */; };
		3D8BA13D281322A500280D73 /* LocationManager.swift in Sources */ = {isa = PBXBuildFile; fileRef = 3D8BA13C281322A500280D73 /* LocationManager.swift */; };
		3D8BA13F28132CD200280D73 /* HomeViewModel.swift in Sources */ = {isa = PBXBuildFile; fileRef = 3D8BA13E28132CD200280D73 /* HomeViewModel.swift */; };
		3D8BA1412813306000280D73 /* CurrentWeather.swift in Sources */ = {isa = PBXBuildFile; fileRef = 3D8BA1402813306000280D73 /* CurrentWeather.swift */; };
		3D8BA1432813307800280D73 /* WeatherMood.swift in Sources */ = {isa = PBXBuildFile; fileRef = 3D8BA1422813307800280D73 /* WeatherMood.swift */; };
		3D8BA145281330BB00280D73 /* ApiURL.swift in Sources */ = {isa = PBXBuildFile; fileRef = 3D8BA144281330BB00280D73 /* ApiURL.swift */; };
		3D8BA1472813320900280D73 /* CurrentWeatherDataService.swift in Sources */ = {isa = PBXBuildFile; fileRef = 3D8BA1462813320900280D73 /* CurrentWeatherDataService.swift */; };
		3D96C60E2813D4490070B08F /* TemperatureView.swift in Sources */ = {isa = PBXBuildFile; fileRef = 3D96C60D2813D4490070B08F /* TemperatureView.swift */; };
		3D96C6102813F4BB0070B08F /* WeatherImageView.swift in Sources */ = {isa = PBXBuildFile; fileRef = 3D96C60F2813F4BB0070B08F /* WeatherImageView.swift */; };
		3D96C6122813F55F0070B08F /* WeatherImageViewModel.swift in Sources */ = {isa = PBXBuildFile; fileRef = 3D96C6112813F55F0070B08F /* WeatherImageViewModel.swift */; };
		3D96C61728140C810070B08F /* HourlyWeatherDataService.swift in Sources */ = {isa = PBXBuildFile; fileRef = 3D96C61628140C810070B08F /* HourlyWeatherDataService.swift */; };
		3DAE0F462812FA67001B84CC /* WeatherForecastApp.swift in Sources */ = {isa = PBXBuildFile; fileRef = 3DAE0F452812FA67001B84CC /* WeatherForecastApp.swift */; };
		3DAE0F4A2812FA68001B84CC /* Assets.xcassets in Resources */ = {isa = PBXBuildFile; fileRef = 3DAE0F492812FA68001B84CC /* Assets.xcassets */; };
		3DAE0F4D2812FA68001B84CC /* Preview Assets.xcassets in Resources */ = {isa = PBXBuildFile; fileRef = 3DAE0F4C2812FA68001B84CC /* Preview Assets.xcassets */; };
		3DC4BF3928134FEA00FC37A4 /* Double.swift in Sources */ = {isa = PBXBuildFile; fileRef = 3DC4BF3828134FEA00FC37A4 /* Double.swift */; };
/* End PBXBuildFile section */

/* Begin PBXContainerItemProxy section */
		3DAE0F532812FA68001B84CC /* PBXContainerItemProxy */ = {
			isa = PBXContainerItemProxy;
			containerPortal = 3DAE0F3A2812FA67001B84CC /* Project object */;
			proxyType = 1;
			remoteGlobalIDString = 3DAE0F412812FA67001B84CC;
			remoteInfo = WeatherForecast;
		};
/* End PBXContainerItemProxy section */

/* Begin PBXFileReference section */
		3D1E24E328194FBF0072A013 /* GeoCity.swift */ = {isa = PBXFileReference; lastKnownFileType = sourcecode.swift; path = GeoCity.swift; sourceTree = "<group>"; };
		3D1E24E528194FE20072A013 /* GeocodingDataService.swift */ = {isa = PBXFileReference; lastKnownFileType = sourcecode.swift; path = GeocodingDataService.swift; sourceTree = "<group>"; };
		3D1E24E928195CB80072A013 /* ManageCitiesView.swift */ = {isa = PBXFileReference; lastKnownFileType = sourcecode.swift; path = ManageCitiesView.swift; sourceTree = "<group>"; };
		3D1E24EC281967F20072A013 /* LocationsCoreData.xcdatamodel */ = {isa = PBXFileReference; lastKnownFileType = wrapper.xcdatamodel; path = LocationsCoreData.xcdatamodel; sourceTree = "<group>"; };
		3D681EFC2815412200A9DDA4 /* DailyWeather.swift */ = {isa = PBXFileReference; lastKnownFileType = sourcecode.swift; path = DailyWeather.swift; sourceTree = "<group>"; };
		3D681EFE281541C200A9DDA4 /* DailyWeatherDataService.swift */ = {isa = PBXFileReference; lastKnownFileType = sourcecode.swift; path = DailyWeatherDataService.swift; sourceTree = "<group>"; };
		3D7881112815B09E007295A4 /* TestView.swift */ = {isa = PBXFileReference; lastKnownFileType = sourcecode.swift; path = TestView.swift; sourceTree = "<group>"; };
		3D79B8312814478C00C5C0FF /* HourlyWeather.swift */ = {isa = PBXFileReference; lastKnownFileType = sourcecode.swift; path = HourlyWeather.swift; sourceTree = "<group>"; };
		3D8BA13828131FF900280D73 /* HomeView.swift */ = {isa = PBXFileReference; lastKnownFileType = sourcecode.swift; path = HomeView.swift; sourceTree = "<group>"; };
		3D8BA13A281320CF00280D73 /* NetworkingManager.swift */ = {isa = PBXFileReference; lastKnownFileType = sourcecode.swift; path = NetworkingManager.swift; sourceTree = "<group>"; };
		3D8BA13C281322A500280D73 /* LocationManager.swift */ = {isa = PBXFileReference; lastKnownFileType = sourcecode.swift; path = LocationManager.swift; sourceTree = "<group>"; };
		3D8BA13E28132CD200280D73 /* HomeViewModel.swift */ = {isa = PBXFileReference; lastKnownFileType = sourcecode.swift; path = HomeViewModel.swift; sourceTree = "<group>"; };
		3D8BA1402813306000280D73 /* CurrentWeather.swift */ = {isa = PBXFileReference; lastKnownFileType = sourcecode.swift; path = CurrentWeather.swift; sourceTree = "<group>"; };
		3D8BA1422813307800280D73 /* WeatherMood.swift */ = {isa = PBXFileReference; lastKnownFileType = sourcecode.swift; path = WeatherMood.swift; sourceTree = "<group>"; };
		3D8BA144281330BB00280D73 /* ApiURL.swift */ = {isa = PBXFileReference; lastKnownFileType = sourcecode.swift; path = ApiURL.swift; sourceTree = "<group>"; };
		3D8BA1462813320900280D73 /* CurrentWeatherDataService.swift */ = {isa = PBXFileReference; lastKnownFileType = sourcecode.swift; path = CurrentWeatherDataService.swift; sourceTree = "<group>"; };
		3D96C60D2813D4490070B08F /* TemperatureView.swift */ = {isa = PBXFileReference; lastKnownFileType = sourcecode.swift; path = TemperatureView.swift; sourceTree = "<group>"; };
		3D96C60F2813F4BB0070B08F /* WeatherImageView.swift */ = {isa = PBXFileReference; lastKnownFileType = sourcecode.swift; path = WeatherImageView.swift; sourceTree = "<group>"; };
		3D96C6112813F55F0070B08F /* WeatherImageViewModel.swift */ = {isa = PBXFileReference; lastKnownFileType = sourcecode.swift; path = WeatherImageViewModel.swift; sourceTree = "<group>"; };
		3D96C61628140C810070B08F /* HourlyWeatherDataService.swift */ = {isa = PBXFileReference; lastKnownFileType = sourcecode.swift; path = HourlyWeatherDataService.swift; sourceTree = "<group>"; };
		3DAE0F422812FA67001B84CC /* WeatherForecast.app */ = {isa = PBXFileReference; explicitFileType = wrapper.application; includeInIndex = 0; path = WeatherForecast.app; sourceTree = BUILT_PRODUCTS_DIR; };
		3DAE0F452812FA67001B84CC /* WeatherForecastApp.swift */ = {isa = PBXFileReference; lastKnownFileType = sourcecode.swift; path = WeatherForecastApp.swift; sourceTree = "<group>"; };
		3DAE0F492812FA68001B84CC /* Assets.xcassets */ = {isa = PBXFileReference; lastKnownFileType = folder.assetcatalog; path = Assets.xcassets; sourceTree = "<group>"; };
		3DAE0F4C2812FA68001B84CC /* Preview Assets.xcassets */ = {isa = PBXFileReference; lastKnownFileType = folder.assetcatalog; path = "Preview Assets.xcassets"; sourceTree = "<group>"; };
		3DAE0F522812FA68001B84CC /* WeatherForecast_Tests.xctest */ = {isa = PBXFileReference; explicitFileType = wrapper.cfbundle; includeInIndex = 0; path = WeatherForecast_Tests.xctest; sourceTree = BUILT_PRODUCTS_DIR; };
		3DC4BF3828134FEA00FC37A4 /* Double.swift */ = {isa = PBXFileReference; lastKnownFileType = sourcecode.swift; path = Double.swift; sourceTree = "<group>"; };
/* End PBXFileReference section */

/* Begin PBXFrameworksBuildPhase section */
		3DAE0F3F2812FA67001B84CC /* Frameworks */ = {
			isa = PBXFrameworksBuildPhase;
			buildActionMask = 2147483647;
			files = (
			);
			runOnlyForDeploymentPostprocessing = 0;
		};
		3DAE0F4F2812FA68001B84CC /* Frameworks */ = {
			isa = PBXFrameworksBuildPhase;
			buildActionMask = 2147483647;
			files = (
			);
			runOnlyForDeploymentPostprocessing = 0;
		};
/* End PBXFrameworksBuildPhase section */

/* Begin PBXGroup section */
		3D1E24E828195C950072A013 /* ManageCities */ = {
			isa = PBXGroup;
			children = (
				3D1E24E928195CB80072A013 /* ManageCitiesView.swift */,
			);
			path = ManageCities;
			sourceTree = "<group>";
		};
		3D8BA13228131F6500280D73 /* Utilities */ = {
			isa = PBXGroup;
			children = (
				3D8BA13A281320CF00280D73 /* NetworkingManager.swift */,
				3D8BA13C281322A500280D73 /* LocationManager.swift */,
			);
			path = Utilities;
			sourceTree = "<group>";
		};
		3D8BA13328131F7000280D73 /* Services */ = {
			isa = PBXGroup;
			children = (
				3D8BA1462813320900280D73 /* CurrentWeatherDataService.swift */,
				3D96C61628140C810070B08F /* HourlyWeatherDataService.swift */,
				3D681EFE281541C200A9DDA4 /* DailyWeatherDataService.swift */,
				3D1E24E528194FE20072A013 /* GeocodingDataService.swift */,
			);
			path = Services;
			sourceTree = "<group>";
		};
		3D8BA13428131F7800280D73 /* Models */ = {
			isa = PBXGroup;
			children = (
				3D8BA1402813306000280D73 /* CurrentWeather.swift */,
				3D79B8312814478C00C5C0FF /* HourlyWeather.swift */,
				3D681EFC2815412200A9DDA4 /* DailyWeather.swift */,
				3D8BA1422813307800280D73 /* WeatherMood.swift */,
				3D8BA144281330BB00280D73 /* ApiURL.swift */,
				3D1E24E328194FBF0072A013 /* GeoCity.swift */,
				3D1E24EB281967F20072A013 /* LocationContainer.xcdatamodeld */,
			);
			path = Models;
			sourceTree = "<group>";
		};
		3D8BA13528131F8000280D73 /* Core */ = {
			isa = PBXGroup;
			children = (
				3D8BA13628131F8500280D73 /* Components */,
				3D8BA13728131F9000280D73 /* Home */,
				3D1E24E828195C950072A013 /* ManageCities */,
			);
			path = Core;
			sourceTree = "<group>";
		};
		3D8BA13628131F8500280D73 /* Components */ = {
			isa = PBXGroup;
			children = (
				3D96C60D2813D4490070B08F /* TemperatureView.swift */,
				3D96C6152813F94E0070B08F /* WeatherImage */,
			);
			path = Components;
			sourceTree = "<group>";
		};
		3D8BA13728131F9000280D73 /* Home */ = {
			isa = PBXGroup;
			children = (
				3D8BA13828131FF900280D73 /* HomeView.swift */,
				3D8BA13E28132CD200280D73 /* HomeViewModel.swift */,
				3D7881112815B09E007295A4 /* TestView.swift */,
			);
			path = Home;
			sourceTree = "<group>";
		};
		3D8BA15228134F8800280D73 /* Extensions */ = {
			isa = PBXGroup;
			children = (
				3DC4BF3828134FEA00FC37A4 /* Double.swift */,
			);
			path = Extensions;
			sourceTree = "<group>";
		};
		3D96C6152813F94E0070B08F /* WeatherImage */ = {
			isa = PBXGroup;
			children = (
				3D96C6112813F55F0070B08F /* WeatherImageViewModel.swift */,
				3D96C60F2813F4BB0070B08F /* WeatherImageView.swift */,
			);
			path = WeatherImage;
			sourceTree = "<group>";
		};
		3DAE0F392812FA67001B84CC = {
			isa = PBXGroup;
			children = (
				3DAE0F442812FA67001B84CC /* WeatherForecast */,
				3DAE0F552812FA68001B84CC /* WeatherForecast_Tests */,
				3DAE0F432812FA67001B84CC /* Products */,
			);
			sourceTree = "<group>";
		};
		3DAE0F432812FA67001B84CC /* Products */ = {
			isa = PBXGroup;
			children = (
				3DAE0F422812FA67001B84CC /* WeatherForecast.app */,
				3DAE0F522812FA68001B84CC /* WeatherForecast_Tests.xctest */,
			);
			name = Products;
			sourceTree = "<group>";
		};
		3DAE0F442812FA67001B84CC /* WeatherForecast */ = {
			isa = PBXGroup;
			children = (
				3DAE0F452812FA67001B84CC /* WeatherForecastApp.swift */,
				3D8BA15228134F8800280D73 /* Extensions */,
				3D8BA13228131F6500280D73 /* Utilities */,
				3D8BA13328131F7000280D73 /* Services */,
				3D8BA13428131F7800280D73 /* Models */,
				3D8BA13528131F8000280D73 /* Core */,
				3DAE0F492812FA68001B84CC /* Assets.xcassets */,
				3DAE0F4B2812FA68001B84CC /* Preview Content */,
			);
			path = WeatherForecast;
			sourceTree = "<group>";
		};
		3DAE0F4B2812FA68001B84CC /* Preview Content */ = {
			isa = PBXGroup;
			children = (
				3DAE0F4C2812FA68001B84CC /* Preview Assets.xcassets */,
			);
			path = "Preview Content";
			sourceTree = "<group>";
		};
		3DAE0F552812FA68001B84CC /* WeatherForecast_Tests */ = {
			isa = PBXGroup;
			children = (
			);
			path = WeatherForecast_Tests;
			sourceTree = "<group>";
		};
/* End PBXGroup section */

/* Begin PBXNativeTarget section */
		3DAE0F412812FA67001B84CC /* WeatherForecast */ = {
			isa = PBXNativeTarget;
			buildConfigurationList = 3DAE0F662812FA68001B84CC /* Build configuration list for PBXNativeTarget "WeatherForecast" */;
			buildPhases = (
				3DAE0F3E2812FA67001B84CC /* Sources */,
				3DAE0F3F2812FA67001B84CC /* Frameworks */,
				3DAE0F402812FA67001B84CC /* Resources */,
			);
			buildRules = (
			);
			dependencies = (
			);
			name = WeatherForecast;
			productName = WeatherForecast;
			productReference = 3DAE0F422812FA67001B84CC /* WeatherForecast.app */;
			productType = "com.apple.product-type.application";
		};
		3DAE0F512812FA68001B84CC /* WeatherForecast_Tests */ = {
			isa = PBXNativeTarget;
			buildConfigurationList = 3DAE0F692812FA68001B84CC /* Build configuration list for PBXNativeTarget "WeatherForecast_Tests" */;
			buildPhases = (
				3DAE0F4E2812FA68001B84CC /* Sources */,
				3DAE0F4F2812FA68001B84CC /* Frameworks */,
				3DAE0F502812FA68001B84CC /* Resources */,
			);
			buildRules = (
			);
			dependencies = (
				3DAE0F542812FA68001B84CC /* PBXTargetDependency */,
			);
			name = WeatherForecast_Tests;
			productName = WeatherForecastTests;
			productReference = 3DAE0F522812FA68001B84CC /* WeatherForecast_Tests.xctest */;
			productType = "com.apple.product-type.bundle.unit-test";
		};
/* End PBXNativeTarget section */

/* Begin PBXProject section */
		3DAE0F3A2812FA67001B84CC /* Project object */ = {
			isa = PBXProject;
			attributes = {
				BuildIndependentTargetsInParallel = 1;
				LastSwiftUpdateCheck = 1330;
				LastUpgradeCheck = 1330;
				TargetAttributes = {
					3DAE0F412812FA67001B84CC = {
						CreatedOnToolsVersion = 13.3.1;
					};
					3DAE0F512812FA68001B84CC = {
						CreatedOnToolsVersion = 13.3.1;
						TestTargetID = 3DAE0F412812FA67001B84CC;
					};
				};
			};
			buildConfigurationList = 3DAE0F3D2812FA67001B84CC /* Build configuration list for PBXProject "WeatherForecast" */;
			compatibilityVersion = "Xcode 13.0";
			developmentRegion = en;
			hasScannedForEncodings = 0;
			knownRegions = (
				en,
				Base,
			);
			mainGroup = 3DAE0F392812FA67001B84CC;
			productRefGroup = 3DAE0F432812FA67001B84CC /* Products */;
			projectDirPath = "";
			projectRoot = "";
			targets = (
				3DAE0F412812FA67001B84CC /* WeatherForecast */,
				3DAE0F512812FA68001B84CC /* WeatherForecast_Tests */,
			);
		};
/* End PBXProject section */

/* Begin PBXResourcesBuildPhase section */
		3DAE0F402812FA67001B84CC /* Resources */ = {
			isa = PBXResourcesBuildPhase;
			buildActionMask = 2147483647;
			files = (
				3DAE0F4D2812FA68001B84CC /* Preview Assets.xcassets in Resources */,
				3DAE0F4A2812FA68001B84CC /* Assets.xcassets in Resources */,
			);
			runOnlyForDeploymentPostprocessing = 0;
		};
		3DAE0F502812FA68001B84CC /* Resources */ = {
			isa = PBXResourcesBuildPhase;
			buildActionMask = 2147483647;
			files = (
			);
			runOnlyForDeploymentPostprocessing = 0;
		};
/* End PBXResourcesBuildPhase section */

/* Begin PBXSourcesBuildPhase section */
		3DAE0F3E2812FA67001B84CC /* Sources */ = {
			isa = PBXSourcesBuildPhase;
			buildActionMask = 2147483647;
			files = (
				3D8BA13D281322A500280D73 /* LocationManager.swift in Sources */,
				3D79B8322814478C00C5C0FF /* HourlyWeather.swift in Sources */,
				3D1E24E428194FBF0072A013 /* GeoCity.swift in Sources */,
				3D681EFD2815412200A9DDA4 /* DailyWeather.swift in Sources */,
				3D1E24EA28195CB80072A013 /* ManageCitiesView.swift in Sources */,
				3D1E24ED281967F20072A013 /* LocationContainer.xcdatamodeld in Sources */,
				3D8BA13B281320CF00280D73 /* NetworkingManager.swift in Sources */,
				3D681EFF281541C200A9DDA4 /* DailyWeatherDataService.swift in Sources */,
				3DAE0F462812FA67001B84CC /* WeatherForecastApp.swift in Sources */,
				3D1E24E628194FE20072A013 /* GeocodingDataService.swift in Sources */,
				3D96C61728140C810070B08F /* HourlyWeatherDataService.swift in Sources */,
				3D96C6102813F4BB0070B08F /* WeatherImageView.swift in Sources */,
				3D96C6122813F55F0070B08F /* WeatherImageViewModel.swift in Sources */,
				3D8BA13F28132CD200280D73 /* HomeViewModel.swift in Sources */,
				3D8BA145281330BB00280D73 /* ApiURL.swift in Sources */,
				3D8BA1472813320900280D73 /* CurrentWeatherDataService.swift in Sources */,
				3D8BA1412813306000280D73 /* CurrentWeather.swift in Sources */,
				3D8BA13928131FF900280D73 /* HomeView.swift in Sources */,
				3D7881122815B09E007295A4 /* TestView.swift in Sources */,
				3D96C60E2813D4490070B08F /* TemperatureView.swift in Sources */,
				3DC4BF3928134FEA00FC37A4 /* Double.swift in Sources */,
				3D8BA1432813307800280D73 /* WeatherMood.swift in Sources */,
			);
			runOnlyForDeploymentPostprocessing = 0;
		};
		3DAE0F4E2812FA68001B84CC /* Sources */ = {
			isa = PBXSourcesBuildPhase;
			buildActionMask = 2147483647;
			files = (
			);
			runOnlyForDeploymentPostprocessing = 0;
		};
/* End PBXSourcesBuildPhase section */

/* Begin PBXTargetDependency section */
		3DAE0F542812FA68001B84CC /* PBXTargetDependency */ = {
			isa = PBXTargetDependency;
			target = 3DAE0F412812FA67001B84CC /* WeatherForecast */;
			targetProxy = 3DAE0F532812FA68001B84CC /* PBXContainerItemProxy */;
		};
/* End PBXTargetDependency section */

/* Begin XCBuildConfiguration section */
		3DAE0F642812FA68001B84CC /* Debug */ = {
			isa = XCBuildConfiguration;
			buildSettings = {
				ALWAYS_SEARCH_USER_PATHS = NO;
				CLANG_ANALYZER_NONNULL = YES;
				CLANG_ANALYZER_NUMBER_OBJECT_CONVERSION = YES_AGGRESSIVE;
				CLANG_CXX_LANGUAGE_STANDARD = "gnu++17";
				CLANG_ENABLE_MODULES = YES;
				CLANG_ENABLE_OBJC_ARC = YES;
				CLANG_ENABLE_OBJC_WEAK = YES;
				CLANG_WARN_BLOCK_CAPTURE_AUTORELEASING = YES;
				CLANG_WARN_BOOL_CONVERSION = YES;
				CLANG_WARN_COMMA = YES;
				CLANG_WARN_CONSTANT_CONVERSION = YES;
				CLANG_WARN_DEPRECATED_OBJC_IMPLEMENTATIONS = YES;
				CLANG_WARN_DIRECT_OBJC_ISA_USAGE = YES_ERROR;
				CLANG_WARN_DOCUMENTATION_COMMENTS = YES;
				CLANG_WARN_EMPTY_BODY = YES;
				CLANG_WARN_ENUM_CONVERSION = YES;
				CLANG_WARN_INFINITE_RECURSION = YES;
				CLANG_WARN_INT_CONVERSION = YES;
				CLANG_WARN_NON_LITERAL_NULL_CONVERSION = YES;
				CLANG_WARN_OBJC_IMPLICIT_RETAIN_SELF = YES;
				CLANG_WARN_OBJC_LITERAL_CONVERSION = YES;
				CLANG_WARN_OBJC_ROOT_CLASS = YES_ERROR;
				CLANG_WARN_QUOTED_INCLUDE_IN_FRAMEWORK_HEADER = YES;
				CLANG_WARN_RANGE_LOOP_ANALYSIS = YES;
				CLANG_WARN_STRICT_PROTOTYPES = YES;
				CLANG_WARN_SUSPICIOUS_MOVE = YES;
				CLANG_WARN_UNGUARDED_AVAILABILITY = YES_AGGRESSIVE;
				CLANG_WARN_UNREACHABLE_CODE = YES;
				CLANG_WARN__DUPLICATE_METHOD_MATCH = YES;
				COPY_PHASE_STRIP = NO;
				DEBUG_INFORMATION_FORMAT = dwarf;
				ENABLE_STRICT_OBJC_MSGSEND = YES;
				ENABLE_TESTABILITY = YES;
				GCC_C_LANGUAGE_STANDARD = gnu11;
				GCC_DYNAMIC_NO_PIC = NO;
				GCC_NO_COMMON_BLOCKS = YES;
				GCC_OPTIMIZATION_LEVEL = 0;
				GCC_PREPROCESSOR_DEFINITIONS = (
					"DEBUG=1",
					"$(inherited)",
				);
				GCC_WARN_64_TO_32_BIT_CONVERSION = YES;
				GCC_WARN_ABOUT_RETURN_TYPE = YES_ERROR;
				GCC_WARN_UNDECLARED_SELECTOR = YES;
				GCC_WARN_UNINITIALIZED_AUTOS = YES_AGGRESSIVE;
				GCC_WARN_UNUSED_FUNCTION = YES;
				GCC_WARN_UNUSED_VARIABLE = YES;
				IPHONEOS_DEPLOYMENT_TARGET = 15.4;
				MTL_ENABLE_DEBUG_INFO = INCLUDE_SOURCE;
				MTL_FAST_MATH = YES;
				ONLY_ACTIVE_ARCH = YES;
				SDKROOT = iphoneos;
				SWIFT_ACTIVE_COMPILATION_CONDITIONS = DEBUG;
				SWIFT_OPTIMIZATION_LEVEL = "-Onone";
			};
			name = Debug;
		};
		3DAE0F652812FA68001B84CC /* Release */ = {
			isa = XCBuildConfiguration;
			buildSettings = {
				ALWAYS_SEARCH_USER_PATHS = NO;
				CLANG_ANALYZER_NONNULL = YES;
				CLANG_ANALYZER_NUMBER_OBJECT_CONVERSION = YES_AGGRESSIVE;
				CLANG_CXX_LANGUAGE_STANDARD = "gnu++17";
				CLANG_ENABLE_MODULES = YES;
				CLANG_ENABLE_OBJC_ARC = YES;
				CLANG_ENABLE_OBJC_WEAK = YES;
				CLANG_WARN_BLOCK_CAPTURE_AUTORELEASING = YES;
				CLANG_WARN_BOOL_CONVERSION = YES;
				CLANG_WARN_COMMA = YES;
				CLANG_WARN_CONSTANT_CONVERSION = YES;
				CLANG_WARN_DEPRECATED_OBJC_IMPLEMENTATIONS = YES;
				CLANG_WARN_DIRECT_OBJC_ISA_USAGE = YES_ERROR;
				CLANG_WARN_DOCUMENTATION_COMMENTS = YES;
				CLANG_WARN_EMPTY_BODY = YES;
				CLANG_WARN_ENUM_CONVERSION = YES;
				CLANG_WARN_INFINITE_RECURSION = YES;
				CLANG_WARN_INT_CONVERSION = YES;
				CLANG_WARN_NON_LITERAL_NULL_CONVERSION = YES;
				CLANG_WARN_OBJC_IMPLICIT_RETAIN_SELF = YES;
				CLANG_WARN_OBJC_LITERAL_CONVERSION = YES;
				CLANG_WARN_OBJC_ROOT_CLASS = YES_ERROR;
				CLANG_WARN_QUOTED_INCLUDE_IN_FRAMEWORK_HEADER = YES;
				CLANG_WARN_RANGE_LOOP_ANALYSIS = YES;
				CLANG_WARN_STRICT_PROTOTYPES = YES;
				CLANG_WARN_SUSPICIOUS_MOVE = YES;
				CLANG_WARN_UNGUARDED_AVAILABILITY = YES_AGGRESSIVE;
				CLANG_WARN_UNREACHABLE_CODE = YES;
				CLANG_WARN__DUPLICATE_METHOD_MATCH = YES;
				COPY_PHASE_STRIP = NO;
				DEBUG_INFORMATION_FORMAT = "dwarf-with-dsym";
				ENABLE_NS_ASSERTIONS = NO;
				ENABLE_STRICT_OBJC_MSGSEND = YES;
				GCC_C_LANGUAGE_STANDARD = gnu11;
				GCC_NO_COMMON_BLOCKS = YES;
				GCC_WARN_64_TO_32_BIT_CONVERSION = YES;
				GCC_WARN_ABOUT_RETURN_TYPE = YES_ERROR;
				GCC_WARN_UNDECLARED_SELECTOR = YES;
				GCC_WARN_UNINITIALIZED_AUTOS = YES_AGGRESSIVE;
				GCC_WARN_UNUSED_FUNCTION = YES;
				GCC_WARN_UNUSED_VARIABLE = YES;
				IPHONEOS_DEPLOYMENT_TARGET = 15.4;
				MTL_ENABLE_DEBUG_INFO = NO;
				MTL_FAST_MATH = YES;
				SDKROOT = iphoneos;
				SWIFT_COMPILATION_MODE = wholemodule;
				SWIFT_OPTIMIZATION_LEVEL = "-O";
				VALIDATE_PRODUCT = YES;
			};
			name = Release;
		};
		3DAE0F672812FA68001B84CC /* Debug */ = {
			isa = XCBuildConfiguration;
			buildSettings = {
				ASSETCATALOG_COMPILER_APPICON_NAME = AppIcon;
				ASSETCATALOG_COMPILER_GLOBAL_ACCENT_COLOR_NAME = AccentColor;
				CODE_SIGN_STYLE = Automatic;
				CURRENT_PROJECT_VERSION = 1;
				DEVELOPMENT_ASSET_PATHS = "\"WeatherForecast/Preview Content\"";
				DEVELOPMENT_TEAM = 5CYVKDSSNH;
				ENABLE_PREVIEWS = YES;
				GENERATE_INFOPLIST_FILE = YES;
				INFOPLIST_KEY_NSLocationWhenInUseUsageDescription = "to show weather information about your city";
				INFOPLIST_KEY_UIApplicationSceneManifest_Generation = YES;
				INFOPLIST_KEY_UIApplicationSupportsIndirectInputEvents = YES;
				INFOPLIST_KEY_UILaunchScreen_Generation = YES;
				INFOPLIST_KEY_UISupportedInterfaceOrientations_iPad = "UIInterfaceOrientationPortrait UIInterfaceOrientationPortraitUpsideDown UIInterfaceOrientationLandscapeLeft UIInterfaceOrientationLandscapeRight";
				INFOPLIST_KEY_UISupportedInterfaceOrientations_iPhone = "UIInterfaceOrientationPortrait UIInterfaceOrientationLandscapeLeft UIInterfaceOrientationLandscapeRight";
				LD_RUNPATH_SEARCH_PATHS = (
					"$(inherited)",
					"@executable_path/Frameworks",
				);
				MARKETING_VERSION = 1.0;
				PRODUCT_BUNDLE_IDENTIFIER = com.fatih.WeatherForecast;
				PRODUCT_NAME = "$(TARGET_NAME)";
				SWIFT_EMIT_LOC_STRINGS = YES;
				SWIFT_VERSION = 5.0;
				TARGETED_DEVICE_FAMILY = "1,2";
			};
			name = Debug;
		};
		3DAE0F682812FA68001B84CC /* Release */ = {
			isa = XCBuildConfiguration;
			buildSettings = {
				ASSETCATALOG_COMPILER_APPICON_NAME = AppIcon;
				ASSETCATALOG_COMPILER_GLOBAL_ACCENT_COLOR_NAME = AccentColor;
				CODE_SIGN_STYLE = Automatic;
				CURRENT_PROJECT_VERSION = 1;
				DEVELOPMENT_ASSET_PATHS = "\"WeatherForecast/Preview Content\"";
				DEVELOPMENT_TEAM = 5CYVKDSSNH;
				ENABLE_PREVIEWS = YES;
				GENERATE_INFOPLIST_FILE = YES;
				INFOPLIST_KEY_NSLocationWhenInUseUsageDescription = "to show weather information about your city";
				INFOPLIST_KEY_UIApplicationSceneManifest_Generation = YES;
				INFOPLIST_KEY_UIApplicationSupportsIndirectInputEvents = YES;
				INFOPLIST_KEY_UILaunchScreen_Generation = YES;
				INFOPLIST_KEY_UISupportedInterfaceOrientations_iPad = "UIInterfaceOrientationPortrait UIInterfaceOrientationPortraitUpsideDown UIInterfaceOrientationLandscapeLeft UIInterfaceOrientationLandscapeRight";
				INFOPLIST_KEY_UISupportedInterfaceOrientations_iPhone = "UIInterfaceOrientationPortrait UIInterfaceOrientationLandscapeLeft UIInterfaceOrientationLandscapeRight";
				LD_RUNPATH_SEARCH_PATHS = (
					"$(inherited)",
					"@executable_path/Frameworks",
				);
				MARKETING_VERSION = 1.0;
				PRODUCT_BUNDLE_IDENTIFIER = com.fatih.WeatherForecast;
				PRODUCT_NAME = "$(TARGET_NAME)";
				SWIFT_EMIT_LOC_STRINGS = YES;
				SWIFT_VERSION = 5.0;
				TARGETED_DEVICE_FAMILY = "1,2";
			};
			name = Release;
		};
		3DAE0F6A2812FA68001B84CC /* Debug */ = {
			isa = XCBuildConfiguration;
			buildSettings = {
				ALWAYS_EMBED_SWIFT_STANDARD_LIBRARIES = YES;
				BUNDLE_LOADER = "$(TEST_HOST)";
				CODE_SIGN_STYLE = Automatic;
				CURRENT_PROJECT_VERSION = 1;
				DEVELOPMENT_TEAM = 5CYVKDSSNH;
				GENERATE_INFOPLIST_FILE = YES;
				IPHONEOS_DEPLOYMENT_TARGET = 15.4;
				MARKETING_VERSION = 1.0;
				PRODUCT_BUNDLE_IDENTIFIER = com.fatih.WeatherForecastTests;
				PRODUCT_NAME = "$(TARGET_NAME)";
				SWIFT_EMIT_LOC_STRINGS = NO;
				SWIFT_VERSION = 5.0;
				TARGETED_DEVICE_FAMILY = "1,2";
				TEST_HOST = "$(BUILT_PRODUCTS_DIR)/WeatherForecast.app/WeatherForecast";
			};
			name = Debug;
		};
		3DAE0F6B2812FA68001B84CC /* Release */ = {
			isa = XCBuildConfiguration;
			buildSettings = {
				ALWAYS_EMBED_SWIFT_STANDARD_LIBRARIES = YES;
				BUNDLE_LOADER = "$(TEST_HOST)";
				CODE_SIGN_STYLE = Automatic;
				CURRENT_PROJECT_VERSION = 1;
				DEVELOPMENT_TEAM = 5CYVKDSSNH;
				GENERATE_INFOPLIST_FILE = YES;
				IPHONEOS_DEPLOYMENT_TARGET = 15.4;
				MARKETING_VERSION = 1.0;
				PRODUCT_BUNDLE_IDENTIFIER = com.fatih.WeatherForecastTests;
				PRODUCT_NAME = "$(TARGET_NAME)";
				SWIFT_EMIT_LOC_STRINGS = NO;
				SWIFT_VERSION = 5.0;
				TARGETED_DEVICE_FAMILY = "1,2";
				TEST_HOST = "$(BUILT_PRODUCTS_DIR)/WeatherForecast.app/WeatherForecast";
			};
			name = Release;
		};
/* End XCBuildConfiguration section */

/* Begin XCConfigurationList section */
		3DAE0F3D2812FA67001B84CC /* Build configuration list for PBXProject "WeatherForecast" */ = {
			isa = XCConfigurationList;
			buildConfigurations = (
				3DAE0F642812FA68001B84CC /* Debug */,
				3DAE0F652812FA68001B84CC /* Release */,
			);
			defaultConfigurationIsVisible = 0;
			defaultConfigurationName = Release;
		};
		3DAE0F662812FA68001B84CC /* Build configuration list for PBXNativeTarget "WeatherForecast" */ = {
			isa = XCConfigurationList;
			buildConfigurations = (
				3DAE0F672812FA68001B84CC /* Debug */,
				3DAE0F682812FA68001B84CC /* Release */,
			);
			defaultConfigurationIsVisible = 0;
			defaultConfigurationName = Release;
		};
		3DAE0F692812FA68001B84CC /* Build configuration list for PBXNativeTarget "WeatherForecast_Tests" */ = {
			isa = XCConfigurationList;
			buildConfigurations = (
				3DAE0F6A2812FA68001B84CC /* Debug */,
				3DAE0F6B2812FA68001B84CC /* Release */,
			);
			defaultConfigurationIsVisible = 0;
			defaultConfigurationName = Release;
		};
/* End XCConfigurationList section */

/* Begin XCVersionGroup section */
		3D1E24EB281967F20072A013 /* LocationContainer.xcdatamodeld */ = {
			isa = XCVersionGroup;
			children = (
				3D1E24EC281967F20072A013 /* LocationsCoreData.xcdatamodel */,
			);
			currentVersion = 3D1E24EC281967F20072A013 /* LocationsCoreData.xcdatamodel */;
			path = LocationContainer.xcdatamodeld;
			sourceTree = "<group>";
			versionGroupType = wrapper.xcdatamodel;
		};
/* End XCVersionGroup section */
	};
	rootObject = 3DAE0F3A2812FA67001B84CC /* Project object */;
}
